
Microsoft Visual Studio Solution File, Format Version 12.00
# Visual Studio 15
VisualStudioVersion = 15.0.28307.271
MinimumVisualStudioVersion = 10.0.40219.1
Project("{E24C65DC-7377-472B-9ABA-BC803B73C61A}") = "online_banking", "online_banking\", "{FEF5720A-C5F6-403D-A757-C5B53EEF5911}"
	ProjectSection(WebsiteProperties) = preProject
		TargetFrameworkMoniker = ".NETFramework,Version%3Dv4.6.1"
		Debug.AspNetCompiler.VirtualPath = "/localhost_31281"
		Debug.AspNetCompiler.PhysicalPath = "online_banking\"
		Debug.AspNetCompiler.TargetPath = "PrecompiledWeb\localhost_31281\"
		Debug.AspNetCompiler.Updateable = "true"
		Debug.AspNetCompiler.ForceOverwrite = "true"
		Debug.AspNetCompiler.FixedNames = "false"
		Debug.AspNetCompiler.Debug = "True"
		Release.AspNetCompiler.VirtualPath = "/localhost_31281"
		Release.AspNetCompiler.PhysicalPath = "online_banking\"
		Release.AspNetCompiler.TargetPath = "PrecompiledWeb\localhost_31281\"
		Release.AspNetCompiler.Updateable = "true"
		Release.AspNetCompiler.ForceOverwrite = "true"
		Release.AspNetCompiler.FixedNames = "false"
		Release.AspNetCompiler.Debug = "False"
		VWDPort = "31281"
		SlnRelativePath = "online_banking\"
		DefaultWebSiteLanguage = "Visual C#"
	EndProjectSection
EndProject
Global
	GlobalSection(SolutionConfigurationPlatforms) = preSolution
		Debug|Any CPU = Debug|Any CPU
	EndGlobalSection
	GlobalSection(ProjectConfigurationPlatforms) = postSolution
		{FEF5720A-C5F6-403D-A757-C5B53EEF5911}.Debug|Any CPU.ActiveCfg = Debug|Any CPU
		{FEF5720A-C5F6-403D-A757-C5B53EEF5911}.Debug|Any CPU.Build.0 = Debug|Any CPU
	EndGlobalSection
	GlobalSection(SolutionProperties) = preSolution
		HideSolutionNode = FALSE
	EndGlobalSection
	GlobalSection(ExtensibilityGlobals) = postSolution
		SolutionGuid = {C460787A-5A45-457E-957D-1E594D8FDB93}
	EndGlobalSection
EndGlobal
